
Microsoft Visual Studio Solution File, Format Version 12.00
# Visual Studio 15
VisualStudioVersion = 15.0.27130.2020
MinimumVisualStudioVersion = 10.0.40219.1
Project("{FAE04EC0-301F-11D3-BF4B-00C04F79EFBC}") = "StarWarsMGLT", "StarWarsMGLT\StarWarsMGLT.csproj", "{31AB1D1D-0DE9-4808-A892-C3220704F479}"
EndProject
Project("{FAE04EC0-301F-11D3-BF4B-00C04F79EFBC}") = "StarWarsMGLTTests", "StarWarsMGLTTests\StarWarsMGLTTests.csproj", "{40C1069C-BFA3-4D60-8DF5-81C1231911C9}"
EndProject
Global
	GlobalSection(SolutionConfigurationPlatforms) = preSolution
		Debug|Any CPU = Debug|Any CPU
		Release|Any CPU = Release|Any CPU
	EndGlobalSection
	GlobalSection(ProjectConfigurationPlatforms) = postSolution
		{31AB1D1D-0DE9-4808-A892-C3220704F479}.Debug|Any CPU.ActiveCfg = Debug|Any CPU
		{31AB1D1D-0DE9-4808-A892-C3220704F479}.Debug|Any CPU.Build.0 = Debug|Any CPU
		{31AB1D1D-0DE9-4808-A892-C3220704F479}.Release|Any CPU.ActiveCfg = Release|Any CPU
		{31AB1D1D-0DE9-4808-A892-C3220704F479}.Release|Any CPU.Build.0 = Release|Any CPU
		{40C1069C-BFA3-4D60-8DF5-81C1231911C9}.Debug|Any CPU.ActiveCfg = Debug|Any CPU
		{40C1069C-BFA3-4D60-8DF5-81C1231911C9}.Debug|Any CPU.Build.0 = Debug|Any CPU
		{40C1069C-BFA3-4D60-8DF5-81C1231911C9}.Release|Any CPU.ActiveCfg = Release|Any CPU
		{40C1069C-BFA3-4D60-8DF5-81C1231911C9}.Release|Any CPU.Build.0 = Release|Any CPU
	EndGlobalSection
	GlobalSection(SolutionProperties) = preSolution
		HideSolutionNode = FALSE
	EndGlobalSection
	GlobalSection(ExtensibilityGlobals) = postSolution
		SolutionGuid = {D0D94F5E-F21E-4405-9501-1C3F6D4306DF}
	EndGlobalSection
EndGlobal
